
Microsoft Visual Studio Solution File, Format Version 12.00
# Visual Studio 15
Project("{FAE04EC0-301F-11D3-BF4B-00C04F79EFBC}") = "PrettyNeatGame", "Assembly-CSharp.csproj", "{84296383-AFC4-28B1-B3A8-29F9B0DBC8EC}"
EndProject
Project("{FAE04EC0-301F-11D3-BF4B-00C04F79EFBC}") = "PrettyNeatGame", "Assembly-CSharp-Editor.csproj", "{7CC593A8-D70B-FFFC-95D3-24995C9562FE}"
EndProject
Global
	GlobalSection(SolutionConfigurationPlatforms) = preSolution
		Debug|Any CPU = Debug|Any CPU
		Release|Any CPU = Release|Any CPU
	EndGlobalSection
	GlobalSection(ProjectConfigurationPlatforms) = postSolution
		{84296383-AFC4-28B1-B3A8-29F9B0DBC8EC}.Debug|Any CPU.ActiveCfg = Debug|Any CPU
		{84296383-AFC4-28B1-B3A8-29F9B0DBC8EC}.Debug|Any CPU.Build.0 = Debug|Any CPU
		{84296383-AFC4-28B1-B3A8-29F9B0DBC8EC}.Release|Any CPU.ActiveCfg = Release|Any CPU
		{84296383-AFC4-28B1-B3A8-29F9B0DBC8EC}.Release|Any CPU.Build.0 = Release|Any CPU
		{7CC593A8-D70B-FFFC-95D3-24995C9562FE}.Debug|Any CPU.ActiveCfg = Debug|Any CPU
		{7CC593A8-D70B-FFFC-95D3-24995C9562FE}.Debug|Any CPU.Build.0 = Debug|Any CPU
		{7CC593A8-D70B-FFFC-95D3-24995C9562FE}.Release|Any CPU.ActiveCfg = Release|Any CPU
		{7CC593A8-D70B-FFFC-95D3-24995C9562FE}.Release|Any CPU.Build.0 = Release|Any CPU
	EndGlobalSection
	GlobalSection(SolutionProperties) = preSolution
		HideSolutionNode = FALSE
	EndGlobalSection
EndGlobal
